// !$*UTF8*$!
{
	archiveVersion = 1;
	classes = {
	};
	objectVersion = 77;
	objects = {

/* Begin PBXContainerItemProxy section */
		E0E4EBF62CA59F2A0088F8CD /* PBXContainerItemProxy */ = {
			isa = PBXContainerItemProxy;
			containerPortal = E0E4EBDD2CA59F290088F8CD /* Project object */;
			proxyType = 1;
			remoteGlobalIDString = E0E4EBE42CA59F290088F8CD;
			remoteInfo = GithubDemo;
		};
		E0E4EC002CA59F2A0088F8CD /* PBXContainerItemProxy */ = {
			isa = PBXContainerItemProxy;
			containerPortal = E0E4EBDD2CA59F290088F8CD /* Project object */;
			proxyType = 1;
			remoteGlobalIDString = E0E4EBE42CA59F290088F8CD;
			remoteInfo = GithubDemo;
		};
/* End PBXContainerItemProxy section */

/* Begin PBXFileReference section */
		E0E4EBE52CA59F290088F8CD /* GithubDemo.app */ = {isa = PBXFileReference; explicitFileType = wrapper.application; includeInIndex = 0; path = GithubDemo.app; sourceTree = BUILT_PRODUCTS_DIR; };
		E0E4EBF52CA59F2A0088F8CD /* GithubDemoTests.xctest */ = {isa = PBXFileReference; explicitFileType = wrapper.cfbundle; includeInIndex = 0; path = GithubDemoTests.xctest; sourceTree = BUILT_PRODUCTS_DIR; };
		E0E4EBFF2CA59F2A0088F8CD /* GithubDemoUITests.xctest */ = {isa = PBXFileReference; explicitFileType = wrapper.cfbundle; includeInIndex = 0; path = GithubDemoUITests.xctest; sourceTree = BUILT_PRODUCTS_DIR; };
/* End PBXFileReference section */

/* Begin PBXFileSystemSynchronizedRootGroup section */
		E0E4EBE72CA59F290088F8CD /* GithubDemo */ = {
			isa = PBXFileSystemSynchronizedRootGroup;
			path = GithubDemo;
			sourceTree = "<group>";
		};
		E0E4EBF82CA59F2A0088F8CD /* GithubDemoTests */ = {
			isa = PBXFileSystemSynchronizedRootGroup;
			path = GithubDemoTests;
			sourceTree = "<group>";
		};
		E0E4EC022CA59F2A0088F8CD /* GithubDemoUITests */ = {
			isa = PBXFileSystemSynchronizedRootGroup;
			path = GithubDemoUITests;
			sourceTree = "<group>";
		};
/* End PBXFileSystemSynchronizedRootGroup section */

/* Begin PBXFrameworksBuildPhase section */
		E0E4EBE22CA59F290088F8CD /* Frameworks */ = {
			isa = PBXFrameworksBuildPhase;
			buildActionMask = 2147483647;
			files = (
			);
			runOnlyForDeploymentPostprocessing = 0;
		};
		E0E4EBF22CA59F2A0088F8CD /* Frameworks */ = {
			isa = PBXFrameworksBuildPhase;
			buildActionMask = 2147483647;
			files = (
			);
			runOnlyForDeploymentPostprocessing = 0;
		};
		E0E4EBFC2CA59F2A0088F8CD /* Frameworks */ = {
			isa = PBXFrameworksBuildPhase;
			buildActionMask = 2147483647;
			files = (
			);
			runOnlyForDeploymentPostprocessing = 0;
		};
/* End PBXFrameworksBuildPhase section */

/* Begin PBXGroup section */
		E0E4EBDC2CA59F290088F8CD = {
			isa = PBXGroup;
			children = (
				E0E4EBE72CA59F290088F8CD /* GithubDemo */,
				E0E4EBF82CA59F2A0088F8CD /* GithubDemoTests */,
				E0E4EC022CA59F2A0088F8CD /* GithubDemoUITests */,
				E0E4EBE62CA59F290088F8CD /* Products */,
			);
			sourceTree = "<group>";
		};
		E0E4EBE62CA59F290088F8CD /* Products */ = {
			isa = PBXGroup;
			children = (
				E0E4EBE52CA59F290088F8CD /* GithubDemo.app */,
				E0E4EBF52CA59F2A0088F8CD /* GithubDemoTests.xctest */,
				E0E4EBFF2CA59F2A0088F8CD /* GithubDemoUITests.xctest */,
			);
			name = Products;
			sourceTree = "<group>";
		};
/* End PBXGroup section */

/* Begin PBXNativeTarget section */
		E0E4EBE42CA59F290088F8CD /* GithubDemo */ = {
			isa = PBXNativeTarget;
			buildConfigurationList = E0E4EC092CA59F2A0088F8CD /* Build configuration list for PBXNativeTarget "GithubDemo" */;
			buildPhases = (
				E0E4EBE12CA59F290088F8CD /* Sources */,
				E0E4EBE22CA59F290088F8CD /* Frameworks */,
				E0E4EBE32CA59F290088F8CD /* Resources */,
			);
			buildRules = (
			);
			dependencies = (
			);
			fileSystemSynchronizedGroups = (
				E0E4EBE72CA59F290088F8CD /* GithubDemo */,
			);
			name = GithubDemo;
			packageProductDependencies = (
			);
			productName = GithubDemo;
			productReference = E0E4EBE52CA59F290088F8CD /* GithubDemo.app */;
			productType = "com.apple.product-type.application";
		};
		E0E4EBF42CA59F2A0088F8CD /* GithubDemoTests */ = {
			isa = PBXNativeTarget;
			buildConfigurationList = E0E4EC0C2CA59F2A0088F8CD /* Build configuration list for PBXNativeTarget "GithubDemoTests" */;
			buildPhases = (
				E0E4EBF12CA59F2A0088F8CD /* Sources */,
				E0E4EBF22CA59F2A0088F8CD /* Frameworks */,
				E0E4EBF32CA59F2A0088F8CD /* Resources */,
			);
			buildRules = (
			);
			dependencies = (
				E0E4EBF72CA59F2A0088F8CD /* PBXTargetDependency */,
			);
			fileSystemSynchronizedGroups = (
				E0E4EBF82CA59F2A0088F8CD /* GithubDemoTests */,
			);
			name = GithubDemoTests;
			packageProductDependencies = (
			);
			productName = GithubDemoTests;
			productReference = E0E4EBF52CA59F2A0088F8CD /* GithubDemoTests.xctest */;
			productType = "com.apple.product-type.bundle.unit-test";
		};
		E0E4EBFE2CA59F2A0088F8CD /* GithubDemoUITests */ = {
			isa = PBXNativeTarget;
			buildConfigurationList = E0E4EC0F2CA59F2A0088F8CD /* Build configuration list for PBXNativeTarget "GithubDemoUITests" */;
			buildPhases = (
				E0E4EBFB2CA59F2A0088F8CD /* Sources */,
				E0E4EBFC2CA59F2A0088F8CD /* Frameworks */,
				E0E4EBFD2CA59F2A0088F8CD /* Resources */,
			);
			buildRules = (
			);
			dependencies = (
				E0E4EC012CA59F2A0088F8CD /* PBXTargetDependency */,
			);
			fileSystemSynchronizedGroups = (
				E0E4EC022CA59F2A0088F8CD /* GithubDemoUITests */,
			);
			name = GithubDemoUITests;
			packageProductDependencies = (
			);
			productName = GithubDemoUITests;
			productReference = E0E4EBFF2CA59F2A0088F8CD /* GithubDemoUITests.xctest */;
			productType = "com.apple.product-type.bundle.ui-testing";
		};
/* End PBXNativeTarget section */

/* Begin PBXProject section */
		E0E4EBDD2CA59F290088F8CD /* Project object */ = {
			isa = PBXProject;
			attributes = {
				BuildIndependentTargetsInParallel = 1;
				LastSwiftUpdateCheck = 1600;
				LastUpgradeCheck = 1600;
				TargetAttributes = {
					E0E4EBE42CA59F290088F8CD = {
						CreatedOnToolsVersion = 16.0;
					};
					E0E4EBF42CA59F2A0088F8CD = {
						CreatedOnToolsVersion = 16.0;
						TestTargetID = E0E4EBE42CA59F290088F8CD;
					};
					E0E4EBFE2CA59F2A0088F8CD = {
						CreatedOnToolsVersion = 16.0;
						TestTargetID = E0E4EBE42CA59F290088F8CD;
					};
				};
			};
			buildConfigurationList = E0E4EBE02CA59F290088F8CD /* Build configuration list for PBXProject "GithubDemo" */;
			developmentRegion = en;
			hasScannedForEncodings = 0;
			knownRegions = (
				en,
				Base,
			);
			mainGroup = E0E4EBDC2CA59F290088F8CD;
			minimizedProjectReferenceProxies = 1;
			preferredProjectObjectVersion = 77;
			productRefGroup = E0E4EBE62CA59F290088F8CD /* Products */;
			projectDirPath = "";
			projectRoot = "";
			targets = (
				E0E4EBE42CA59F290088F8CD /* GithubDemo */,
				E0E4EBF42CA59F2A0088F8CD /* GithubDemoTests */,
				E0E4EBFE2CA59F2A0088F8CD /* GithubDemoUITests */,
			);
		};
/* End PBXProject section */

/* Begin PBXResourcesBuildPhase section */
		E0E4EBE32CA59F290088F8CD /* Resources */ = {
			isa = PBXResourcesBuildPhase;
			buildActionMask = 2147483647;
			files = (
			);
			runOnlyForDeploymentPostprocessing = 0;
		};
		E0E4EBF32CA59F2A0088F8CD /* Resources */ = {
			isa = PBXResourcesBuildPhase;
			buildActionMask = 2147483647;
			files = (
			);
			runOnlyForDeploymentPostprocessing = 0;
		};
		E0E4EBFD2CA59F2A0088F8CD /* Resources */ = {
			isa = PBXResourcesBuildPhase;
			buildActionMask = 2147483647;
			files = (
			);
			runOnlyForDeploymentPostprocessing = 0;
		};
/* End PBXResourcesBuildPhase section */

/* Begin PBXSourcesBuildPhase section */
		E0E4EBE12CA59F290088F8CD /* Sources */ = {
			isa = PBXSourcesBuildPhase;
			buildActionMask = 2147483647;
			files = (
			);
			runOnlyForDeploymentPostprocessing = 0;
		};
		E0E4EBF12CA59F2A0088F8CD /* Sources */ = {
			isa = PBXSourcesBuildPhase;
			buildActionMask = 2147483647;
			files = (
			);
			runOnlyForDeploymentPostprocessing = 0;
		};
		E0E4EBFB2CA59F2A0088F8CD /* Sources */ = {
			isa = PBXSourcesBuildPhase;
			buildActionMask = 2147483647;
			files = (
			);
			runOnlyForDeploymentPostprocessing = 0;
		};
/* End PBXSourcesBuildPhase section */

/* Begin PBXTargetDependency section */
		E0E4EBF72CA59F2A0088F8CD /* PBXTargetDependency */ = {
			isa = PBXTargetDependency;
			target = E0E4EBE42CA59F290088F8CD /* GithubDemo */;
			targetProxy = E0E4EBF62CA59F2A0088F8CD /* PBXContainerItemProxy */;
		};
		E0E4EC012CA59F2A0088F8CD /* PBXTargetDependency */ = {
			isa = PBXTargetDependency;
			target = E0E4EBE42CA59F290088F8CD /* GithubDemo */;
			targetProxy = E0E4EC002CA59F2A0088F8CD /* PBXContainerItemProxy */;
		};
/* End PBXTargetDependency section */

/* Begin XCBuildConfiguration section */
		E0E4EC072CA59F2A0088F8CD /* Debug */ = {
			isa = XCBuildConfiguration;
			buildSettings = {
				ALWAYS_SEARCH_USER_PATHS = NO;
				ASSETCATALOG_COMPILER_GENERATE_SWIFT_ASSET_SYMBOL_EXTENSIONS = YES;
				CLANG_ANALYZER_NONNULL = YES;
				CLANG_ANALYZER_NUMBER_OBJECT_CONVERSION = YES_AGGRESSIVE;
				CLANG_CXX_LANGUAGE_STANDARD = "gnu++20";
				CLANG_ENABLE_MODULES = YES;
				CLANG_ENABLE_OBJC_ARC = YES;
				CLANG_ENABLE_OBJC_WEAK = YES;
				CLANG_WARN_BLOCK_CAPTURE_AUTORELEASING = YES;
				CLANG_WARN_BOOL_CONVERSION = YES;
				CLANG_WARN_COMMA = YES;
				CLANG_WARN_CONSTANT_CONVERSION = YES;
				CLANG_WARN_DEPRECATED_OBJC_IMPLEMENTATIONS = YES;
				CLANG_WARN_DIRECT_OBJC_ISA_USAGE = YES_ERROR;
				CLANG_WARN_DOCUMENTATION_COMMENTS = YES;
				CLANG_WARN_EMPTY_BODY = YES;
				CLANG_WARN_ENUM_CONVERSION = YES;
				CLANG_WARN_INFINITE_RECURSION = YES;
				CLANG_WARN_INT_CONVERSION = YES;
				CLANG_WARN_NON_LITERAL_NULL_CONVERSION = YES;
				CLANG_WARN_OBJC_IMPLICIT_RETAIN_SELF = YES;
				CLANG_WARN_OBJC_LITERAL_CONVERSION = YES;
				CLANG_WARN_OBJC_ROOT_CLASS = YES_ERROR;
				CLANG_WARN_QUOTED_INCLUDE_IN_FRAMEWORK_HEADER = YES;
				CLANG_WARN_RANGE_LOOP_ANALYSIS = YES;
				CLANG_WARN_STRICT_PROTOTYPES = YES;
				CLANG_WARN_SUSPICIOUS_MOVE = YES;
				CLANG_WARN_UNGUARDED_AVAILABILITY = YES_AGGRESSIVE;
				CLANG_WARN_UNREACHABLE_CODE = YES;
				CLANG_WARN__DUPLICATE_METHOD_MATCH = YES;
				COPY_PHASE_STRIP = NO;
				DEBUG_INFORMATION_FORMAT = dwarf;
				ENABLE_STRICT_OBJC_MSGSEND = YES;
				ENABLE_TESTABILITY = YES;
				ENABLE_USER_SCRIPT_SANDBOXING = YES;
				GCC_C_LANGUAGE_STANDARD = gnu17;
				GCC_DYNAMIC_NO_PIC = NO;
				GCC_NO_COMMON_BLOCKS = YES;
				GCC_OPTIMIZATION_LEVEL = 0;
				GCC_PREPROCESSOR_DEFINITIONS = (
					"DEBUG=1",
					"$(inherited)",
				);
				GCC_WARN_64_TO_32_BIT_CONVERSION = YES;
				GCC_WARN_ABOUT_RETURN_TYPE = YES_ERROR;
				GCC_WARN_UNDECLARED_SELECTOR = YES;
				GCC_WARN_UNINITIALIZED_AUTOS = YES_AGGRESSIVE;
				GCC_WARN_UNUSED_FUNCTION = YES;
				GCC_WARN_UNUSED_VARIABLE = YES;
				IPHONEOS_DEPLOYMENT_TARGET = 18.0;
				LOCALIZATION_PREFERS_STRING_CATALOGS = YES;
				MTL_ENABLE_DEBUG_INFO = INCLUDE_SOURCE;
				MTL_FAST_MATH = YES;
				ONLY_ACTIVE_ARCH = YES;
				SDKROOT = iphoneos;
				SWIFT_ACTIVE_COMPILATION_CONDITIONS = "DEBUG $(inherited)";
				SWIFT_OPTIMIZATION_LEVEL = "-Onone";
			};
			name = Debug;
		};
		E0E4EC082CA59F2A0088F8CD /* Release */ = {
			isa = XCBuildConfiguration;
			buildSettings = {
				ALWAYS_SEARCH_USER_PATHS = NO;
				ASSETCATALOG_COMPILER_GENERATE_SWIFT_ASSET_SYMBOL_EXTENSIONS = YES;
				CLANG_ANALYZER_NONNULL = YES;
				CLANG_ANALYZER_NUMBER_OBJECT_CONVERSION = YES_AGGRESSIVE;
				CLANG_CXX_LANGUAGE_STANDARD = "gnu++20";
				CLANG_ENABLE_MODULES = YES;
				CLANG_ENABLE_OBJC_ARC = YES;
				CLANG_ENABLE_OBJC_WEAK = YES;
				CLANG_WARN_BLOCK_CAPTURE_AUTORELEASING = YES;
				CLANG_WARN_BOOL_CONVERSION = YES;
				CLANG_WARN_COMMA = YES;
				CLANG_WARN_CONSTANT_CONVERSION = YES;
				CLANG_WARN_DEPRECATED_OBJC_IMPLEMENTATIONS = YES;
				CLANG_WARN_DIRECT_OBJC_ISA_USAGE = YES_ERROR;
				CLANG_WARN_DOCUMENTATION_COMMENTS = YES;
				CLANG_WARN_EMPTY_BODY = YES;
				CLANG_WARN_ENUM_CONVERSION = YES;
				CLANG_WARN_INFINITE_RECURSION = YES;
				CLANG_WARN_INT_CONVERSION = YES;
				CLANG_WARN_NON_LITERAL_NULL_CONVERSION = YES;
				CLANG_WARN_OBJC_IMPLICIT_RETAIN_SELF = YES;
				CLANG_WARN_OBJC_LITERAL_CONVERSION = YES;
				CLANG_WARN_OBJC_ROOT_CLASS = YES_ERROR;
				CLANG_WARN_QUOTED_INCLUDE_IN_FRAMEWORK_HEADER = YES;
				CLANG_WARN_RANGE_LOOP_ANALYSIS = YES;
				CLANG_WARN_STRICT_PROTOTYPES = YES;
				CLANG_WARN_SUSPICIOUS_MOVE = YES;
				CLANG_WARN_UNGUARDED_AVAILABILITY = YES_AGGRESSIVE;
				CLANG_WARN_UNREACHABLE_CODE = YES;
				CLANG_WARN__DUPLICATE_METHOD_MATCH = YES;
				COPY_PHASE_STRIP = NO;
				DEBUG_INFORMATION_FORMAT = "dwarf-with-dsym";
				ENABLE_NS_ASSERTIONS = NO;
				ENABLE_STRICT_OBJC_MSGSEND = YES;
				ENABLE_USER_SCRIPT_SANDBOXING = YES;
				GCC_C_LANGUAGE_STANDARD = gnu17;
				GCC_NO_COMMON_BLOCKS = YES;
				GCC_WARN_64_TO_32_BIT_CONVERSION = YES;
				GCC_WARN_ABOUT_RETURN_TYPE = YES_ERROR;
				GCC_WARN_UNDECLARED_SELECTOR = YES;
				GCC_WARN_UNINITIALIZED_AUTOS = YES_AGGRESSIVE;
				GCC_WARN_UNUSED_FUNCTION = YES;
				GCC_WARN_UNUSED_VARIABLE = YES;
				IPHONEOS_DEPLOYMENT_TARGET = 18.0;
				LOCALIZATION_PREFERS_STRING_CATALOGS = YES;
				MTL_ENABLE_DEBUG_INFO = NO;
				MTL_FAST_MATH = YES;
				SDKROOT = iphoneos;
				SWIFT_COMPILATION_MODE = wholemodule;
				VALIDATE_PRODUCT = YES;
			};
			name = Release;
		};
		E0E4EC0A2CA59F2A0088F8CD /* Debug */ = {
			isa = XCBuildConfiguration;
			buildSettings = {
				ASSETCATALOG_COMPILER_APPICON_NAME = AppIcon;
				ASSETCATALOG_COMPILER_GLOBAL_ACCENT_COLOR_NAME = AccentColor;
				CODE_SIGN_STYLE = Automatic;
				CURRENT_PROJECT_VERSION = 1;
				DEVELOPMENT_ASSET_PATHS = "\"GithubDemo/Preview Content\"";
				ENABLE_PREVIEWS = YES;
				GENERATE_INFOPLIST_FILE = YES;
				INFOPLIST_KEY_UIApplicationSceneManifest_Generation = YES;
				INFOPLIST_KEY_UIApplicationSupportsIndirectInputEvents = YES;
				INFOPLIST_KEY_UILaunchScreen_Generation = YES;
				INFOPLIST_KEY_UISupportedInterfaceOrientations_iPad = "UIInterfaceOrientationPortrait UIInterfaceOrientationPortraitUpsideDown UIInterfaceOrientationLandscapeLeft UIInterfaceOrientationLandscapeRight";
				INFOPLIST_KEY_UISupportedInterfaceOrientations_iPhone = "UIInterfaceOrientationPortrait UIInterfaceOrientationLandscapeLeft UIInterfaceOrientationLandscapeRight";
				LD_RUNPATH_SEARCH_PATHS = (
					"$(inherited)",
					"@executable_path/Frameworks",
				);
				MARKETING_VERSION = 1.0;
				PRODUCT_BUNDLE_IDENTIFIER = N.GithubDemo;
				PRODUCT_NAME = "$(TARGET_NAME)";
				SWIFT_EMIT_LOC_STRINGS = YES;
				SWIFT_VERSION = 5.0;
				TARGETED_DEVICE_FAMILY = "1,2";
			};
			name = Debug;
		};
		E0E4EC0B2CA59F2A0088F8CD /* Release */ = {
			isa = XCBuildConfiguration;
			buildSettings = {
				ASSETCATALOG_COMPILER_APPICON_NAME = AppIcon;
				ASSETCATALOG_COMPILER_GLOBAL_ACCENT_COLOR_NAME = AccentColor;
				CODE_SIGN_STYLE = Automatic;
				CURRENT_PROJECT_VERSION = 1;
				DEVELOPMENT_ASSET_PATHS = "\"GithubDemo/Preview Content\"";
				ENABLE_PREVIEWS = YES;
				GENERATE_INFOPLIST_FILE = YES;
				INFOPLIST_KEY_UIApplicationSceneManifest_Generation = YES;
				INFOPLIST_KEY_UIApplicationSupportsIndirectInputEvents = YES;
				INFOPLIST_KEY_UILaunchScreen_Generation = YES;
				INFOPLIST_KEY_UISupportedInterfaceOrientations_iPad = "UIInterfaceOrientationPortrait UIInterfaceOrientationPortraitUpsideDown UIInterfaceOrientationLandscapeLeft UIInterfaceOrientationLandscapeRight";
				INFOPLIST_KEY_UISupportedInterfaceOrientations_iPhone = "UIInterfaceOrientationPortrait UIInterfaceOrientationLandscapeLeft UIInterfaceOrientationLandscapeRight";
				LD_RUNPATH_SEARCH_PATHS = (
					"$(inherited)",
					"@executable_path/Frameworks",
				);
				MARKETING_VERSION = 1.0;
				PRODUCT_BUNDLE_IDENTIFIER = N.GithubDemo;
				PRODUCT_NAME = "$(TARGET_NAME)";
				SWIFT_EMIT_LOC_STRINGS = YES;
				SWIFT_VERSION = 5.0;
				TARGETED_DEVICE_FAMILY = "1,2";
			};
			name = Release;
		};
		E0E4EC0D2CA59F2A0088F8CD /* Debug */ = {
			isa = XCBuildConfiguration;
			buildSettings = {
				BUNDLE_LOADER = "$(TEST_HOST)";
				CODE_SIGN_STYLE = Automatic;
				CURRENT_PROJECT_VERSION = 1;
				GENERATE_INFOPLIST_FILE = YES;
				IPHONEOS_DEPLOYMENT_TARGET = 18.0;
				MARKETING_VERSION = 1.0;
				PRODUCT_BUNDLE_IDENTIFIER = N.GithubDemoTests;
				PRODUCT_NAME = "$(TARGET_NAME)";
				SWIFT_EMIT_LOC_STRINGS = NO;
				SWIFT_VERSION = 5.0;
				TARGETED_DEVICE_FAMILY = "1,2";
				TEST_HOST = "$(BUILT_PRODUCTS_DIR)/GithubDemo.app/$(BUNDLE_EXECUTABLE_FOLDER_PATH)/GithubDemo";
			};
			name = Debug;
		};
		E0E4EC0E2CA59F2A0088F8CD /* Release */ = {
			isa = XCBuildConfiguration;
			buildSettings = {
				BUNDLE_LOADER = "$(TEST_HOST)";
				CODE_SIGN_STYLE = Automatic;
				CURRENT_PROJECT_VERSION = 1;
				GENERATE_INFOPLIST_FILE = YES;
				IPHONEOS_DEPLOYMENT_TARGET = 18.0;
				MARKETING_VERSION = 1.0;
				PRODUCT_BUNDLE_IDENTIFIER = N.GithubDemoTests;
				PRODUCT_NAME = "$(TARGET_NAME)";
				SWIFT_EMIT_LOC_STRINGS = NO;
				SWIFT_VERSION = 5.0;
				TARGETED_DEVICE_FAMILY = "1,2";
				TEST_HOST = "$(BUILT_PRODUCTS_DIR)/GithubDemo.app/$(BUNDLE_EXECUTABLE_FOLDER_PATH)/GithubDemo";
			};
			name = Release;
		};
		E0E4EC102CA59F2A0088F8CD /* Debug */ = {
			isa = XCBuildConfiguration;
			buildSettings = {
				CODE_SIGN_STYLE = Automatic;
				CURRENT_PROJECT_VERSION = 1;
				GENERATE_INFOPLIST_FILE = YES;
				MARKETING_VERSION = 1.0;
				PRODUCT_BUNDLE_IDENTIFIER = N.GithubDemoUITests;
				PRODUCT_NAME = "$(TARGET_NAME)";
				SWIFT_EMIT_LOC_STRINGS = NO;
				SWIFT_VERSION = 5.0;
				TARGETED_DEVICE_FAMILY = "1,2";
				TEST_TARGET_NAME = GithubDemo;
			};
			name = Debug;
		};
		E0E4EC112CA59F2A0088F8CD /* Release */ = {
			isa = XCBuildConfiguration;
			buildSettings = {
				CODE_SIGN_STYLE = Automatic;
				CURRENT_PROJECT_VERSION = 1;
				GENERATE_INFOPLIST_FILE = YES;
				MARKETING_VERSION = 1.0;
				PRODUCT_BUNDLE_IDENTIFIER = N.GithubDemoUITests;
				PRODUCT_NAME = "$(TARGET_NAME)";
				SWIFT_EMIT_LOC_STRINGS = NO;
				SWIFT_VERSION = 5.0;
				TARGETED_DEVICE_FAMILY = "1,2";
				TEST_TARGET_NAME = GithubDemo;
			};
			name = Release;
		};
/* End XCBuildConfiguration section */

/* Begin XCConfigurationList section */
		E0E4EBE02CA59F290088F8CD /* Build configuration list for PBXProject "GithubDemo" */ = {
			isa = XCConfigurationList;
			buildConfigurations = (
				E0E4EC072CA59F2A0088F8CD /* Debug */,
				E0E4EC082CA59F2A0088F8CD /* Release */,
			);
			defaultConfigurationIsVisible = 0;
			defaultConfigurationName = Release;
		};
		E0E4EC092CA59F2A0088F8CD /* Build configuration list for PBXNativeTarget "GithubDemo" */ = {
			isa = XCConfigurationList;
			buildConfigurations = (
				E0E4EC0A2CA59F2A0088F8CD /* Debug */,
				E0E4EC0B2CA59F2A0088F8CD /* Release */,
			);
			defaultConfigurationIsVisible = 0;
			defaultConfigurationName = Release;
		};
		E0E4EC0C2CA59F2A0088F8CD /* Build configuration list for PBXNativeTarget "GithubDemoTests" */ = {
			isa = XCConfigurationList;
			buildConfigurations = (
				E0E4EC0D2CA59F2A0088F8CD /* Debug */,
				E0E4EC0E2CA59F2A0088F8CD /* Release */,
			);
			defaultConfigurationIsVisible = 0;
			defaultConfigurationName = Release;
		};
		E0E4EC0F2CA59F2A0088F8CD /* Build configuration list for PBXNativeTarget "GithubDemoUITests" */ = {
			isa = XCConfigurationList;
			buildConfigurations = (
				E0E4EC102CA59F2A0088F8CD /* Debug */,
				E0E4EC112CA59F2A0088F8CD /* Release */,
			);
			defaultConfigurationIsVisible = 0;
			defaultConfigurationName = Release;
		};
/* End XCConfigurationList section */
	};
	rootObject = E0E4EBDD2CA59F290088F8CD /* Project object */;
}
